
Microsoft Visual Studio Solution File, Format Version 12.00
# Visual Studio Version 17
VisualStudioVersion = 17.9.34607.119
MinimumVisualStudioVersion = 10.0.40219.1
Project("{FAE04EC0-301F-11D3-BF4B-00C04F79EFBC}") = "MVC_AziendaEdile", "MVC_AziendaEdile\MVC_AziendaEdile.csproj", "{16A6D770-BA9C-40D5-AF83-B0BA478E7795}"
EndProject
Global
	GlobalSection(SolutionConfigurationPlatforms) = preSolution
		Debug|Any CPU = Debug|Any CPU
		Release|Any CPU = Release|Any CPU
	EndGlobalSection
	GlobalSection(ProjectConfigurationPlatforms) = postSolution
		{16A6D770-BA9C-40D5-AF83-B0BA478E7795}.Debug|Any CPU.ActiveCfg = Debug|Any CPU
		{16A6D770-BA9C-40D5-AF83-B0BA478E7795}.Debug|Any CPU.Build.0 = Debug|Any CPU
		{16A6D770-BA9C-40D5-AF83-B0BA478E7795}.Release|Any CPU.ActiveCfg = Release|Any CPU
		{16A6D770-BA9C-40D5-AF83-B0BA478E7795}.Release|Any CPU.Build.0 = Release|Any CPU
	EndGlobalSection
	GlobalSection(SolutionProperties) = preSolution
		HideSolutionNode = FALSE
	EndGlobalSection
	GlobalSection(ExtensibilityGlobals) = postSolution
		SolutionGuid = {0395D1C0-1BB9-4746-92BE-8918095136CC}
	EndGlobalSection
EndGlobal
